// !$*UTF8*$!
{
	archiveVersion = 1;
	classes = {
	};
	objectVersion = 56;
	objects = {

/* Begin PBXBuildFile section */
		9E00E9C02BF9E48C00934D29 /* LocationManager.swift in Sources */ = {isa = PBXBuildFile; fileRef = 9E00E9BF2BF9E48C00934D29 /* LocationManager.swift */; };
		9ED025F62BF9B6D000F4BBDA /* HomeView.swift in Sources */ = {isa = PBXBuildFile; fileRef = 9ED025F52BF9B6D000F4BBDA /* HomeView.swift */; };
		9ED025F82BF9B75900F4BBDA /* UberMapViewRepresentable.swift in Sources */ = {isa = PBXBuildFile; fileRef = 9ED025F72BF9B75900F4BBDA /* UberMapViewRepresentable.swift */; };
		9ED02D642BF9B5F800C3B5D3 /* UberSwiftUICloneApp.swift in Sources */ = {isa = PBXBuildFile; fileRef = 9ED02D632BF9B5F800C3B5D3 /* UberSwiftUICloneApp.swift */; };
		9ED02D682BF9B5F900C3B5D3 /* Assets.xcassets in Resources */ = {isa = PBXBuildFile; fileRef = 9ED02D672BF9B5F900C3B5D3 /* Assets.xcassets */; };
		9ED02D6B2BF9B5F900C3B5D3 /* Preview Assets.xcassets in Resources */ = {isa = PBXBuildFile; fileRef = 9ED02D6A2BF9B5F900C3B5D3 /* Preview Assets.xcassets */; };
/* End PBXBuildFile section */

/* Begin PBXFileReference section */
		9E00E9BF2BF9E48C00934D29 /* LocationManager.swift */ = {isa = PBXFileReference; lastKnownFileType = sourcecode.swift; path = LocationManager.swift; sourceTree = "<group>"; };
		9ED025F52BF9B6D000F4BBDA /* HomeView.swift */ = {isa = PBXFileReference; lastKnownFileType = sourcecode.swift; path = HomeView.swift; sourceTree = "<group>"; };
		9ED025F72BF9B75900F4BBDA /* UberMapViewRepresentable.swift */ = {isa = PBXFileReference; lastKnownFileType = sourcecode.swift; path = UberMapViewRepresentable.swift; sourceTree = "<group>"; };
		9ED02D602BF9B5F800C3B5D3 /* UberSwiftUIClone.app */ = {isa = PBXFileReference; explicitFileType = wrapper.application; includeInIndex = 0; path = UberSwiftUIClone.app; sourceTree = BUILT_PRODUCTS_DIR; };
		9ED02D632BF9B5F800C3B5D3 /* UberSwiftUICloneApp.swift */ = {isa = PBXFileReference; lastKnownFileType = sourcecode.swift; path = UberSwiftUICloneApp.swift; sourceTree = "<group>"; };
		9ED02D672BF9B5F900C3B5D3 /* Assets.xcassets */ = {isa = PBXFileReference; lastKnownFileType = folder.assetcatalog; path = Assets.xcassets; sourceTree = "<group>"; };
		9ED02D6A2BF9B5F900C3B5D3 /* Preview Assets.xcassets */ = {isa = PBXFileReference; lastKnownFileType = folder.assetcatalog; path = "Preview Assets.xcassets"; sourceTree = "<group>"; };
/* End PBXFileReference section */

/* Begin PBXFrameworksBuildPhase section */
		9ED02D5D2BF9B5F800C3B5D3 /* Frameworks */ = {
			isa = PBXFrameworksBuildPhase;
			buildActionMask = 2147483647;
			files = (
			);
			runOnlyForDeploymentPostprocessing = 0;
		};
/* End PBXFrameworksBuildPhase section */

/* Begin PBXGroup section */
		9E00E9C12BFA189800934D29 /* Home */ = {
			isa = PBXGroup;
			children = (
				9ED025F42BF9B6B900F4BBDA /* ViewModels */,
				9ED025F32BF9B6B700F4BBDA /* Views */,
			);
			path = Home;
			sourceTree = "<group>";
		};
		9E00E9C22BFA189F00934D29 /* LocationSearch */ = {
			isa = PBXGroup;
			children = (
				9E00E9C42BFA18CD00934D29 /* Views */,
				9E00E9C32BFA18CC00934D29 /* ViewModel */,
			);
			path = LocationSearch;
			sourceTree = "<group>";
		};
		9E00E9C32BFA18CC00934D29 /* ViewModel */ = {
			isa = PBXGroup;
			children = (
			);
			path = ViewModel;
			sourceTree = "<group>";
		};
		9E00E9C42BFA18CD00934D29 /* Views */ = {
			isa = PBXGroup;
			children = (
			);
			path = Views;
			sourceTree = "<group>";
		};
		9ED025F02BF9B67B00F4BBDA /* Extensions */ = {
			isa = PBXGroup;
			children = (
			);
			path = Extensions;
			sourceTree = "<group>";
		};
		9ED025F12BF9B67C00F4BBDA /* Core */ = {
			isa = PBXGroup;
			children = (
				9E00E9C22BFA189F00934D29 /* LocationSearch */,
				9E00E9C12BFA189800934D29 /* Home */,
			);
			path = Core;
			sourceTree = "<group>";
		};
		9ED025F22BF9B67E00F4BBDA /* App */ = {
			isa = PBXGroup;
			children = (
				9ED02D632BF9B5F800C3B5D3 /* UberSwiftUICloneApp.swift */,
			);
			path = App;
			sourceTree = "<group>";
		};
		9ED025F32BF9B6B700F4BBDA /* Views */ = {
			isa = PBXGroup;
			children = (
				9ED025F52BF9B6D000F4BBDA /* HomeView.swift */,
				9ED025F72BF9B75900F4BBDA /* UberMapViewRepresentable.swift */,
			);
			path = Views;
			sourceTree = "<group>";
		};
		9ED025F42BF9B6B900F4BBDA /* ViewModels */ = {
			isa = PBXGroup;
			children = (
			);
			path = ViewModels;
			sourceTree = "<group>";
		};
		9ED02D572BF9B5F800C3B5D3 = {
			isa = PBXGroup;
			children = (
				9ED02D622BF9B5F800C3B5D3 /* UberSwiftUIClone */,
				9ED02D612BF9B5F800C3B5D3 /* Products */,
			);
			sourceTree = "<group>";
		};
		9ED02D612BF9B5F800C3B5D3 /* Products */ = {
			isa = PBXGroup;
			children = (
				9ED02D602BF9B5F800C3B5D3 /* UberSwiftUIClone.app */,
			);
			name = Products;
			sourceTree = "<group>";
		};
		9ED02D622BF9B5F800C3B5D3 /* UberSwiftUIClone */ = {
			isa = PBXGroup;
			children = (
				9ED025F22BF9B67E00F4BBDA /* App */,
				9ED025F12BF9B67C00F4BBDA /* Core */,
				9ED025F02BF9B67B00F4BBDA /* Extensions */,
				9ED02D752BF9B65900C3B5D3 /* Managers */,
				9ED02D712BF9B64C00C3B5D3 /* Models */,
				9ED02D672BF9B5F900C3B5D3 /* Assets.xcassets */,
				9ED02D692BF9B5F900C3B5D3 /* Preview Content */,
			);
			path = UberSwiftUIClone;
			sourceTree = "<group>";
		};
		9ED02D692BF9B5F900C3B5D3 /* Preview Content */ = {
			isa = PBXGroup;
			children = (
				9ED02D6A2BF9B5F900C3B5D3 /* Preview Assets.xcassets */,
			);
			path = "Preview Content";
			sourceTree = "<group>";
		};
		9ED02D712BF9B64C00C3B5D3 /* Models */ = {
			isa = PBXGroup;
			children = (
			);
			path = Models;
			sourceTree = "<group>";
		};
		9ED02D752BF9B65900C3B5D3 /* Managers */ = {
			isa = PBXGroup;
			children = (
				9E00E9BF2BF9E48C00934D29 /* LocationManager.swift */,
			);
			name = Managers;
			path = "New Group1/New Group/New Group/Managers";
			sourceTree = "<group>";
		};
/* End PBXGroup section */

/* Begin PBXNativeTarget section */
		9ED02D5F2BF9B5F800C3B5D3 /* UberSwiftUIClone */ = {
			isa = PBXNativeTarget;
			buildConfigurationList = 9ED02D6E2BF9B5F900C3B5D3 /* Build configuration list for PBXNativeTarget "UberSwiftUIClone" */;
			buildPhases = (
				9ED02D5C2BF9B5F800C3B5D3 /* Sources */,
				9ED02D5D2BF9B5F800C3B5D3 /* Frameworks */,
				9ED02D5E2BF9B5F800C3B5D3 /* Resources */,
			);
			buildRules = (
			);
			dependencies = (
			);
			name = UberSwiftUIClone;
			productName = UberSwiftUIClone;
			productReference = 9ED02D602BF9B5F800C3B5D3 /* UberSwiftUIClone.app */;
			productType = "com.apple.product-type.application";
		};
/* End PBXNativeTarget section */

/* Begin PBXProject section */
		9ED02D582BF9B5F800C3B5D3 /* Project object */ = {
			isa = PBXProject;
			attributes = {
				BuildIndependentTargetsInParallel = 1;
				LastSwiftUpdateCheck = 1520;
				LastUpgradeCheck = 1520;
				TargetAttributes = {
					9ED02D5F2BF9B5F800C3B5D3 = {
						CreatedOnToolsVersion = 15.2;
					};
				};
			};
			buildConfigurationList = 9ED02D5B2BF9B5F800C3B5D3 /* Build configuration list for PBXProject "UberSwiftUIClone" */;
			compatibilityVersion = "Xcode 14.0";
			developmentRegion = en;
			hasScannedForEncodings = 0;
			knownRegions = (
				en,
				Base,
			);
			mainGroup = 9ED02D572BF9B5F800C3B5D3;
			productRefGroup = 9ED02D612BF9B5F800C3B5D3 /* Products */;
			projectDirPath = "";
			projectRoot = "";
			targets = (
				9ED02D5F2BF9B5F800C3B5D3 /* UberSwiftUIClone */,
			);
		};
/* End PBXProject section */

/* Begin PBXResourcesBuildPhase section */
		9ED02D5E2BF9B5F800C3B5D3 /* Resources */ = {
			isa = PBXResourcesBuildPhase;
			buildActionMask = 2147483647;
			files = (
				9ED02D6B2BF9B5F900C3B5D3 /* Preview Assets.xcassets in Resources */,
				9ED02D682BF9B5F900C3B5D3 /* Assets.xcassets in Resources */,
			);
			runOnlyForDeploymentPostprocessing = 0;
		};
/* End PBXResourcesBuildPhase section */

/* Begin PBXSourcesBuildPhase section */
		9ED02D5C2BF9B5F800C3B5D3 /* Sources */ = {
			isa = PBXSourcesBuildPhase;
			buildActionMask = 2147483647;
			files = (
				9E00E9C02BF9E48C00934D29 /* LocationManager.swift in Sources */,
				9ED02D642BF9B5F800C3B5D3 /* UberSwiftUICloneApp.swift in Sources */,
				9ED025F82BF9B75900F4BBDA /* UberMapViewRepresentable.swift in Sources */,
				9ED025F62BF9B6D000F4BBDA /* HomeView.swift in Sources */,
			);
			runOnlyForDeploymentPostprocessing = 0;
		};
/* End PBXSourcesBuildPhase section */

/* Begin XCBuildConfiguration section */
		9ED02D6C2BF9B5F900C3B5D3 /* Debug */ = {
			isa = XCBuildConfiguration;
			buildSettings = {
				ALWAYS_SEARCH_USER_PATHS = NO;
				ASSETCATALOG_COMPILER_GENERATE_SWIFT_ASSET_SYMBOL_EXTENSIONS = YES;
				CLANG_ANALYZER_NONNULL = YES;
				CLANG_ANALYZER_NUMBER_OBJECT_CONVERSION = YES_AGGRESSIVE;
				CLANG_CXX_LANGUAGE_STANDARD = "gnu++20";
				CLANG_ENABLE_MODULES = YES;
				CLANG_ENABLE_OBJC_ARC = YES;
				CLANG_ENABLE_OBJC_WEAK = YES;
				CLANG_WARN_BLOCK_CAPTURE_AUTORELEASING = YES;
				CLANG_WARN_BOOL_CONVERSION = YES;
				CLANG_WARN_COMMA = YES;
				CLANG_WARN_CONSTANT_CONVERSION = YES;
				CLANG_WARN_DEPRECATED_OBJC_IMPLEMENTATIONS = YES;
				CLANG_WARN_DIRECT_OBJC_ISA_USAGE = YES_ERROR;
				CLANG_WARN_DOCUMENTATION_COMMENTS = YES;
				CLANG_WARN_EMPTY_BODY = YES;
				CLANG_WARN_ENUM_CONVERSION = YES;
				CLANG_WARN_INFINITE_RECURSION = YES;
				CLANG_WARN_INT_CONVERSION = YES;
				CLANG_WARN_NON_LITERAL_NULL_CONVERSION = YES;
				CLANG_WARN_OBJC_IMPLICIT_RETAIN_SELF = YES;
				CLANG_WARN_OBJC_LITERAL_CONVERSION = YES;
				CLANG_WARN_OBJC_ROOT_CLASS = YES_ERROR;
				CLANG_WARN_QUOTED_INCLUDE_IN_FRAMEWORK_HEADER = YES;
				CLANG_WARN_RANGE_LOOP_ANALYSIS = YES;
				CLANG_WARN_STRICT_PROTOTYPES = YES;
				CLANG_WARN_SUSPICIOUS_MOVE = YES;
				CLANG_WARN_UNGUARDED_AVAILABILITY = YES_AGGRESSIVE;
				CLANG_WARN_UNREACHABLE_CODE = YES;
				CLANG_WARN__DUPLICATE_METHOD_MATCH = YES;
				COPY_PHASE_STRIP = NO;
				DEBUG_INFORMATION_FORMAT = dwarf;
				ENABLE_STRICT_OBJC_MSGSEND = YES;
				ENABLE_TESTABILITY = YES;
				ENABLE_USER_SCRIPT_SANDBOXING = YES;
				GCC_C_LANGUAGE_STANDARD = gnu17;
				GCC_DYNAMIC_NO_PIC = NO;
				GCC_NO_COMMON_BLOCKS = YES;
				GCC_OPTIMIZATION_LEVEL = 0;
				GCC_PREPROCESSOR_DEFINITIONS = (
					"DEBUG=1",
					"$(inherited)",
				);
				GCC_WARN_64_TO_32_BIT_CONVERSION = YES;
				GCC_WARN_ABOUT_RETURN_TYPE = YES_ERROR;
				GCC_WARN_UNDECLARED_SELECTOR = YES;
				GCC_WARN_UNINITIALIZED_AUTOS = YES_AGGRESSIVE;
				GCC_WARN_UNUSED_FUNCTION = YES;
				GCC_WARN_UNUSED_VARIABLE = YES;
				IPHONEOS_DEPLOYMENT_TARGET = 17.2;
				LOCALIZATION_PREFERS_STRING_CATALOGS = YES;
				MTL_ENABLE_DEBUG_INFO = INCLUDE_SOURCE;
				MTL_FAST_MATH = YES;
				ONLY_ACTIVE_ARCH = YES;
				SDKROOT = iphoneos;
				SWIFT_ACTIVE_COMPILATION_CONDITIONS = "DEBUG $(inherited)";
				SWIFT_OPTIMIZATION_LEVEL = "-Onone";
			};
			name = Debug;
		};
		9ED02D6D2BF9B5F900C3B5D3 /* Release */ = {
			isa = XCBuildConfiguration;
			buildSettings = {
				ALWAYS_SEARCH_USER_PATHS = NO;
				ASSETCATALOG_COMPILER_GENERATE_SWIFT_ASSET_SYMBOL_EXTENSIONS = YES;
				CLANG_ANALYZER_NONNULL = YES;
				CLANG_ANALYZER_NUMBER_OBJECT_CONVERSION = YES_AGGRESSIVE;
				CLANG_CXX_LANGUAGE_STANDARD = "gnu++20";
				CLANG_ENABLE_MODULES = YES;
				CLANG_ENABLE_OBJC_ARC = YES;
				CLANG_ENABLE_OBJC_WEAK = YES;
				CLANG_WARN_BLOCK_CAPTURE_AUTORELEASING = YES;
				CLANG_WARN_BOOL_CONVERSION = YES;
				CLANG_WARN_COMMA = YES;
				CLANG_WARN_CONSTANT_CONVERSION = YES;
				CLANG_WARN_DEPRECATED_OBJC_IMPLEMENTATIONS = YES;
				CLANG_WARN_DIRECT_OBJC_ISA_USAGE = YES_ERROR;
				CLANG_WARN_DOCUMENTATION_COMMENTS = YES;
				CLANG_WARN_EMPTY_BODY = YES;
				CLANG_WARN_ENUM_CONVERSION = YES;
				CLANG_WARN_INFINITE_RECURSION = YES;
				CLANG_WARN_INT_CONVERSION = YES;
				CLANG_WARN_NON_LITERAL_NULL_CONVERSION = YES;
				CLANG_WARN_OBJC_IMPLICIT_RETAIN_SELF = YES;
				CLANG_WARN_OBJC_LITERAL_CONVERSION = YES;
				CLANG_WARN_OBJC_ROOT_CLASS = YES_ERROR;
				CLANG_WARN_QUOTED_INCLUDE_IN_FRAMEWORK_HEADER = YES;
				CLANG_WARN_RANGE_LOOP_ANALYSIS = YES;
				CLANG_WARN_STRICT_PROTOTYPES = YES;
				CLANG_WARN_SUSPICIOUS_MOVE = YES;
				CLANG_WARN_UNGUARDED_AVAILABILITY = YES_AGGRESSIVE;
				CLANG_WARN_UNREACHABLE_CODE = YES;
				CLANG_WARN__DUPLICATE_METHOD_MATCH = YES;
				COPY_PHASE_STRIP = NO;
				DEBUG_INFORMATION_FORMAT = "dwarf-with-dsym";
				ENABLE_NS_ASSERTIONS = NO;
				ENABLE_STRICT_OBJC_MSGSEND = YES;
				ENABLE_USER_SCRIPT_SANDBOXING = YES;
				GCC_C_LANGUAGE_STANDARD = gnu17;
				GCC_NO_COMMON_BLOCKS = YES;
				GCC_WARN_64_TO_32_BIT_CONVERSION = YES;
				GCC_WARN_ABOUT_RETURN_TYPE = YES_ERROR;
				GCC_WARN_UNDECLARED_SELECTOR = YES;
				GCC_WARN_UNINITIALIZED_AUTOS = YES_AGGRESSIVE;
				GCC_WARN_UNUSED_FUNCTION = YES;
				GCC_WARN_UNUSED_VARIABLE = YES;
				IPHONEOS_DEPLOYMENT_TARGET = 17.2;
				LOCALIZATION_PREFERS_STRING_CATALOGS = YES;
				MTL_ENABLE_DEBUG_INFO = NO;
				MTL_FAST_MATH = YES;
				SDKROOT = iphoneos;
				SWIFT_COMPILATION_MODE = wholemodule;
				VALIDATE_PRODUCT = YES;
			};
			name = Release;
		};
		9ED02D6F2BF9B5F900C3B5D3 /* Debug */ = {
			isa = XCBuildConfiguration;
			buildSettings = {
				ASSETCATALOG_COMPILER_APPICON_NAME = AppIcon;
				ASSETCATALOG_COMPILER_GLOBAL_ACCENT_COLOR_NAME = AccentColor;
				CODE_SIGN_STYLE = Automatic;
				CURRENT_PROJECT_VERSION = 1;
				DEVELOPMENT_ASSET_PATHS = "\"UberSwiftUIClone/Preview Content\"";
				DEVELOPMENT_TEAM = 29M4S87GY3;
				ENABLE_PREVIEWS = YES;
				GENERATE_INFOPLIST_FILE = YES;
				INFOPLIST_KEY_NSLocationWhenInUseUsageDescription = "Please allow location access for finding rides nearby";
				INFOPLIST_KEY_UIApplicationSceneManifest_Generation = YES;
				INFOPLIST_KEY_UIApplicationSupportsIndirectInputEvents = YES;
				INFOPLIST_KEY_UILaunchScreen_Generation = YES;
				INFOPLIST_KEY_UISupportedInterfaceOrientations_iPad = "UIInterfaceOrientationPortrait UIInterfaceOrientationPortraitUpsideDown UIInterfaceOrientationLandscapeLeft UIInterfaceOrientationLandscapeRight";
				INFOPLIST_KEY_UISupportedInterfaceOrientations_iPhone = "UIInterfaceOrientationPortrait UIInterfaceOrientationLandscapeLeft UIInterfaceOrientationLandscapeRight";
				LD_RUNPATH_SEARCH_PATHS = (
					"$(inherited)",
					"@executable_path/Frameworks",
				);
				MARKETING_VERSION = 1.0;
				PRODUCT_BUNDLE_IDENTIFIER = AshishJain.UberSwiftUIClone;
				PRODUCT_NAME = "$(TARGET_NAME)";
				SWIFT_EMIT_LOC_STRINGS = YES;
				SWIFT_VERSION = 5.0;
				TARGETED_DEVICE_FAMILY = "1,2";
			};
			name = Debug;
		};
		9ED02D702BF9B5F900C3B5D3 /* Release */ = {
			isa = XCBuildConfiguration;
			buildSettings = {
				ASSETCATALOG_COMPILER_APPICON_NAME = AppIcon;
				ASSETCATALOG_COMPILER_GLOBAL_ACCENT_COLOR_NAME = AccentColor;
				CODE_SIGN_STYLE = Automatic;
				CURRENT_PROJECT_VERSION = 1;
				DEVELOPMENT_ASSET_PATHS = "\"UberSwiftUIClone/Preview Content\"";
				DEVELOPMENT_TEAM = 29M4S87GY3;
				ENABLE_PREVIEWS = YES;
				GENERATE_INFOPLIST_FILE = YES;
				INFOPLIST_KEY_NSLocationWhenInUseUsageDescription = "Please allow location access for finding rides nearby";
				INFOPLIST_KEY_UIApplicationSceneManifest_Generation = YES;
				INFOPLIST_KEY_UIApplicationSupportsIndirectInputEvents = YES;
				INFOPLIST_KEY_UILaunchScreen_Generation = YES;
				INFOPLIST_KEY_UISupportedInterfaceOrientations_iPad = "UIInterfaceOrientationPortrait UIInterfaceOrientationPortraitUpsideDown UIInterfaceOrientationLandscapeLeft UIInterfaceOrientationLandscapeRight";
				INFOPLIST_KEY_UISupportedInterfaceOrientations_iPhone = "UIInterfaceOrientationPortrait UIInterfaceOrientationLandscapeLeft UIInterfaceOrientationLandscapeRight";
				LD_RUNPATH_SEARCH_PATHS = (
					"$(inherited)",
					"@executable_path/Frameworks",
				);
				MARKETING_VERSION = 1.0;
				PRODUCT_BUNDLE_IDENTIFIER = AshishJain.UberSwiftUIClone;
				PRODUCT_NAME = "$(TARGET_NAME)";
				SWIFT_EMIT_LOC_STRINGS = YES;
				SWIFT_VERSION = 5.0;
				TARGETED_DEVICE_FAMILY = "1,2";
			};
			name = Release;
		};
/* End XCBuildConfiguration section */

/* Begin XCConfigurationList section */
		9ED02D5B2BF9B5F800C3B5D3 /* Build configuration list for PBXProject "UberSwiftUIClone" */ = {
			isa = XCConfigurationList;
			buildConfigurations = (
				9ED02D6C2BF9B5F900C3B5D3 /* Debug */,
				9ED02D6D2BF9B5F900C3B5D3 /* Release */,
			);
			defaultConfigurationIsVisible = 0;
			defaultConfigurationName = Release;
		};
		9ED02D6E2BF9B5F900C3B5D3 /* Build configuration list for PBXNativeTarget "UberSwiftUIClone" */ = {
			isa = XCConfigurationList;
			buildConfigurations = (
				9ED02D6F2BF9B5F900C3B5D3 /* Debug */,
				9ED02D702BF9B5F900C3B5D3 /* Release */,
			);
			defaultConfigurationIsVisible = 0;
			defaultConfigurationName = Release;
		};
/* End XCConfigurationList section */
	};
	rootObject = 9ED02D582BF9B5F800C3B5D3 /* Project object */;
}
